
Microsoft Visual Studio Solution File, Format Version 12.00
# Visual Studio Version 16
VisualStudioVersion = 16.0.31005.135
MinimumVisualStudioVersion = 10.0.40219.1
Project("{FAE04EC0-301F-11D3-BF4B-00C04F79EFBC}") = "SoftServe HW3.2", "SoftServe HW3.2\SoftServe HW3.2.csproj", "{3A826382-AE7E-4664-9EB2-1A14A698499D}"
EndProject
Global
	GlobalSection(SolutionConfigurationPlatforms) = preSolution
		Debug|Any CPU = Debug|Any CPU
		Release|Any CPU = Release|Any CPU
	EndGlobalSection
	GlobalSection(ProjectConfigurationPlatforms) = postSolution
		{3A826382-AE7E-4664-9EB2-1A14A698499D}.Debug|Any CPU.ActiveCfg = Debug|Any CPU
		{3A826382-AE7E-4664-9EB2-1A14A698499D}.Debug|Any CPU.Build.0 = Debug|Any CPU
		{3A826382-AE7E-4664-9EB2-1A14A698499D}.Release|Any CPU.ActiveCfg = Release|Any CPU
		{3A826382-AE7E-4664-9EB2-1A14A698499D}.Release|Any CPU.Build.0 = Release|Any CPU
	EndGlobalSection
	GlobalSection(SolutionProperties) = preSolution
		HideSolutionNode = FALSE
	EndGlobalSection
	GlobalSection(ExtensibilityGlobals) = postSolution
		SolutionGuid = {83FC3592-BC2D-4E4F-8052-B94BB0FD6FF7}
	EndGlobalSection
EndGlobal
