
Microsoft Visual Studio Solution File, Format Version 12.00
# Visual Studio Version 16
VisualStudioVersion = 16.0.31005.135
MinimumVisualStudioVersion = 10.0.40219.1
Project("{FAE04EC0-301F-11D3-BF4B-00C04F79EFBC}") = "SoftServe HW4", "SoftServe HW4\SoftServe HW4.csproj", "{0046A4F1-6F56-4FD9-8CB4-8E9E73531539}"
EndProject
Global
	GlobalSection(SolutionConfigurationPlatforms) = preSolution
		Debug|Any CPU = Debug|Any CPU
		Release|Any CPU = Release|Any CPU
	EndGlobalSection
	GlobalSection(ProjectConfigurationPlatforms) = postSolution
		{0046A4F1-6F56-4FD9-8CB4-8E9E73531539}.Debug|Any CPU.ActiveCfg = Debug|Any CPU
		{0046A4F1-6F56-4FD9-8CB4-8E9E73531539}.Debug|Any CPU.Build.0 = Debug|Any CPU
		{0046A4F1-6F56-4FD9-8CB4-8E9E73531539}.Release|Any CPU.ActiveCfg = Release|Any CPU
		{0046A4F1-6F56-4FD9-8CB4-8E9E73531539}.Release|Any CPU.Build.0 = Release|Any CPU
	EndGlobalSection
	GlobalSection(SolutionProperties) = preSolution
		HideSolutionNode = FALSE
	EndGlobalSection
	GlobalSection(ExtensibilityGlobals) = postSolution
		SolutionGuid = {29DA71CC-EB3E-4992-A340-3CC3EFA06D98}
	EndGlobalSection
EndGlobal
